// !$*UTF8*$!
{
	archiveVersion = 1;
	classes = {
	};
	objectVersion = 50;
	objects = {

/* Begin PBXBuildFile section */
		8725985422D8D6E600962E90 /* AppDelegate.swift in Sources */ = {isa = PBXBuildFile; fileRef = 8725985322D8D6E600962E90 /* AppDelegate.swift */; };
		8725985622D8D6E600962E90 /* ViewController.swift in Sources */ = {isa = PBXBuildFile; fileRef = 8725985522D8D6E600962E90 /* ViewController.swift */; };
		8725985922D8D6E600962E90 /* Main.storyboard in Resources */ = {isa = PBXBuildFile; fileRef = 8725985722D8D6E600962E90 /* Main.storyboard */; };
		8725985B22D8D6E900962E90 /* Assets.xcassets in Resources */ = {isa = PBXBuildFile; fileRef = 8725985A22D8D6E900962E90 /* Assets.xcassets */; };
		8725985E22D8D6E900962E90 /* LaunchScreen.storyboard in Resources */ = {isa = PBXBuildFile; fileRef = 8725985C22D8D6E900962E90 /* LaunchScreen.storyboard */; };
		87B7C19A22D8F9000072B2DB /* ImageCollectionViewCell.swift in Sources */ = {isa = PBXBuildFile; fileRef = 87B7C19922D8F9000072B2DB /* ImageCollectionViewCell.swift */; };
		87EC85EA22DB564800688100 /* ImageViewController.swift in Sources */ = {isa = PBXBuildFile; fileRef = 87EC85E922DB564800688100 /* ImageViewController.swift */; };
/* End PBXBuildFile section */

/* Begin PBXFileReference section */
		8725985022D8D6E600962E90 /* IDEA_Images.app */ = {isa = PBXFileReference; explicitFileType = wrapper.application; includeInIndex = 0; path = IDEA_Images.app; sourceTree = BUILT_PRODUCTS_DIR; };
		8725985322D8D6E600962E90 /* AppDelegate.swift */ = {isa = PBXFileReference; lastKnownFileType = sourcecode.swift; path = AppDelegate.swift; sourceTree = "<group>"; };
		8725985522D8D6E600962E90 /* ViewController.swift */ = {isa = PBXFileReference; lastKnownFileType = sourcecode.swift; path = ViewController.swift; sourceTree = "<group>"; };
		8725985822D8D6E600962E90 /* Base */ = {isa = PBXFileReference; lastKnownFileType = file.storyboard; name = Base; path = Base.lproj/Main.storyboard; sourceTree = "<group>"; };
		8725985A22D8D6E900962E90 /* Assets.xcassets */ = {isa = PBXFileReference; lastKnownFileType = folder.assetcatalog; path = Assets.xcassets; sourceTree = "<group>"; };
		8725985D22D8D6E900962E90 /* Base */ = {isa = PBXFileReference; lastKnownFileType = file.storyboard; name = Base; path = Base.lproj/LaunchScreen.storyboard; sourceTree = "<group>"; };
		8725985F22D8D6E900962E90 /* Info.plist */ = {isa = PBXFileReference; lastKnownFileType = text.plist.xml; path = Info.plist; sourceTree = "<group>"; };
		87B7C19922D8F9000072B2DB /* ImageCollectionViewCell.swift */ = {isa = PBXFileReference; lastKnownFileType = sourcecode.swift; path = ImageCollectionViewCell.swift; sourceTree = "<group>"; };
		87EC85E922DB564800688100 /* ImageViewController.swift */ = {isa = PBXFileReference; lastKnownFileType = sourcecode.swift; path = ImageViewController.swift; sourceTree = "<group>"; };
/* End PBXFileReference section */

/* Begin PBXFrameworksBuildPhase section */
		8725984D22D8D6E600962E90 /* Frameworks */ = {
			isa = PBXFrameworksBuildPhase;
			buildActionMask = 2147483647;
			files = (
			);
			runOnlyForDeploymentPostprocessing = 0;
		};
/* End PBXFrameworksBuildPhase section */

/* Begin PBXGroup section */
		8725984722D8D6E600962E90 = {
			isa = PBXGroup;
			children = (
				8725985222D8D6E600962E90 /* IDEA_Images */,
				8725985122D8D6E600962E90 /* Products */,
			);
			sourceTree = "<group>";
		};
		8725985122D8D6E600962E90 /* Products */ = {
			isa = PBXGroup;
			children = (
				8725985022D8D6E600962E90 /* IDEA_Images.app */,
			);
			name = Products;
			sourceTree = "<group>";
		};
		8725985222D8D6E600962E90 /* IDEA_Images */ = {
			isa = PBXGroup;
			children = (
				8725985322D8D6E600962E90 /* AppDelegate.swift */,
				8725985522D8D6E600962E90 /* ViewController.swift */,
				87B7C19922D8F9000072B2DB /* ImageCollectionViewCell.swift */,
				87EC85E922DB564800688100 /* ImageViewController.swift */,
				8725985722D8D6E600962E90 /* Main.storyboard */,
				8725985A22D8D6E900962E90 /* Assets.xcassets */,
				8725985C22D8D6E900962E90 /* LaunchScreen.storyboard */,
				8725985F22D8D6E900962E90 /* Info.plist */,
			);
			path = IDEA_Images;
			sourceTree = "<group>";
		};
/* End PBXGroup section */

/* Begin PBXNativeTarget section */
		8725984F22D8D6E600962E90 /* IDEA_Images */ = {
			isa = PBXNativeTarget;
			buildConfigurationList = 8725986222D8D6E900962E90 /* Build configuration list for PBXNativeTarget "IDEA_Images" */;
			buildPhases = (
				8725984C22D8D6E600962E90 /* Sources */,
				8725984D22D8D6E600962E90 /* Frameworks */,
				8725984E22D8D6E600962E90 /* Resources */,
			);
			buildRules = (
			);
			dependencies = (
			);
			name = IDEA_Images;
			productName = IDEA_Images;
			productReference = 8725985022D8D6E600962E90 /* IDEA_Images.app */;
			productType = "com.apple.product-type.application";
		};
/* End PBXNativeTarget section */

/* Begin PBXProject section */
		8725984822D8D6E600962E90 /* Project object */ = {
			isa = PBXProject;
			attributes = {
				LastSwiftUpdateCheck = 1020;
				LastUpgradeCheck = 1020;
				ORGANIZATIONNAME = "Omar Adel";
				TargetAttributes = {
					8725984F22D8D6E600962E90 = {
						CreatedOnToolsVersion = 10.2;
					};
				};
			};
			buildConfigurationList = 8725984B22D8D6E600962E90 /* Build configuration list for PBXProject "IDEA_Images" */;
			compatibilityVersion = "Xcode 9.3";
			developmentRegion = en;
			hasScannedForEncodings = 0;
			knownRegions = (
				en,
				Base,
			);
			mainGroup = 8725984722D8D6E600962E90;
			productRefGroup = 8725985122D8D6E600962E90 /* Products */;
			projectDirPath = "";
			projectRoot = "";
			targets = (
				8725984F22D8D6E600962E90 /* IDEA_Images */,
			);
		};
/* End PBXProject section */

/* Begin PBXResourcesBuildPhase section */
		8725984E22D8D6E600962E90 /* Resources */ = {
			isa = PBXResourcesBuildPhase;
			buildActionMask = 2147483647;
			files = (
				8725985E22D8D6E900962E90 /* LaunchScreen.storyboard in Resources */,
				8725985B22D8D6E900962E90 /* Assets.xcassets in Resources */,
				8725985922D8D6E600962E90 /* Main.storyboard in Resources */,
			);
			runOnlyForDeploymentPostprocessing = 0;
		};
/* End PBXResourcesBuildPhase section */

/* Begin PBXSourcesBuildPhase section */
		8725984C22D8D6E600962E90 /* Sources */ = {
			isa = PBXSourcesBuildPhase;
			buildActionMask = 2147483647;
			files = (
				87B7C19A22D8F9000072B2DB /* ImageCollectionViewCell.swift in Sources */,
				8725985622D8D6E600962E90 /* ViewController.swift in Sources */,
				87EC85EA22DB564800688100 /* ImageViewController.swift in Sources */,
				8725985422D8D6E600962E90 /* AppDelegate.swift in Sources */,
			);
			runOnlyForDeploymentPostprocessing = 0;
		};
/* End PBXSourcesBuildPhase section */

/* Begin PBXVariantGroup section */
		8725985722D8D6E600962E90 /* Main.storyboard */ = {
			isa = PBXVariantGroup;
			children = (
				8725985822D8D6E600962E90 /* Base */,
			);
			name = Main.storyboard;
			sourceTree = "<group>";
		};
		8725985C22D8D6E900962E90 /* LaunchScreen.storyboard */ = {
			isa = PBXVariantGroup;
			children = (
				8725985D22D8D6E900962E90 /* Base */,
			);
			name = LaunchScreen.storyboard;
			sourceTree = "<group>";
		};
/* End PBXVariantGroup section */

/* Begin XCBuildConfiguration section */
		8725986022D8D6E900962E90 /* Debug */ = {
			isa = XCBuildConfiguration;
			buildSettings = {
				ALWAYS_SEARCH_USER_PATHS = NO;
				CLANG_ANALYZER_NONNULL = YES;
				CLANG_ANALYZER_NUMBER_OBJECT_CONVERSION = YES_AGGRESSIVE;
				CLANG_CXX_LANGUAGE_STANDARD = "gnu++14";
				CLANG_CXX_LIBRARY = "libc++";
				CLANG_ENABLE_MODULES = YES;
				CLANG_ENABLE_OBJC_ARC = YES;
				CLANG_ENABLE_OBJC_WEAK = YES;
				CLANG_WARN_BLOCK_CAPTURE_AUTORELEASING = YES;
				CLANG_WARN_BOOL_CONVERSION = YES;
				CLANG_WARN_COMMA = YES;
				CLANG_WARN_CONSTANT_CONVERSION = YES;
				CLANG_WARN_DEPRECATED_OBJC_IMPLEMENTATIONS = YES;
				CLANG_WARN_DIRECT_OBJC_ISA_USAGE = YES_ERROR;
				CLANG_WARN_DOCUMENTATION_COMMENTS = YES;
				CLANG_WARN_EMPTY_BODY = YES;
				CLANG_WARN_ENUM_CONVERSION = YES;
				CLANG_WARN_INFINITE_RECURSION = YES;
				CLANG_WARN_INT_CONVERSION = YES;
				CLANG_WARN_NON_LITERAL_NULL_CONVERSION = YES;
				CLANG_WARN_OBJC_IMPLICIT_RETAIN_SELF = YES;
				CLANG_WARN_OBJC_LITERAL_CONVERSION = YES;
				CLANG_WARN_OBJC_ROOT_CLASS = YES_ERROR;
				CLANG_WARN_RANGE_LOOP_ANALYSIS = YES;
				CLANG_WARN_STRICT_PROTOTYPES = YES;
				CLANG_WARN_SUSPICIOUS_MOVE = YES;
				CLANG_WARN_UNGUARDED_AVAILABILITY = YES_AGGRESSIVE;
				CLANG_WARN_UNREACHABLE_CODE = YES;
				CLANG_WARN__DUPLICATE_METHOD_MATCH = YES;
				CODE_SIGN_IDENTITY = "iPhone Developer";
				COPY_PHASE_STRIP = NO;
				DEBUG_INFORMATION_FORMAT = dwarf;
				ENABLE_STRICT_OBJC_MSGSEND = YES;
				ENABLE_TESTABILITY = YES;
				GCC_C_LANGUAGE_STANDARD = gnu11;
				GCC_DYNAMIC_NO_PIC = NO;
				GCC_NO_COMMON_BLOCKS = YES;
				GCC_OPTIMIZATION_LEVEL = 0;
				GCC_PREPROCESSOR_DEFINITIONS = (
					"DEBUG=1",
					"$(inherited)",
				);
				GCC_WARN_64_TO_32_BIT_CONVERSION = YES;
				GCC_WARN_ABOUT_RETURN_TYPE = YES_ERROR;
				GCC_WARN_UNDECLARED_SELECTOR = YES;
				GCC_WARN_UNINITIALIZED_AUTOS = YES_AGGRESSIVE;
				GCC_WARN_UNUSED_FUNCTION = YES;
				GCC_WARN_UNUSED_VARIABLE = YES;
				IPHONEOS_DEPLOYMENT_TARGET = 12.2;
				MTL_ENABLE_DEBUG_INFO = INCLUDE_SOURCE;
				MTL_FAST_MATH = YES;
				ONLY_ACTIVE_ARCH = YES;
				SDKROOT = iphoneos;
				SWIFT_ACTIVE_COMPILATION_CONDITIONS = DEBUG;
				SWIFT_OPTIMIZATION_LEVEL = "-Onone";
			};
			name = Debug;
		};
		8725986122D8D6E900962E90 /* Release */ = {
			isa = XCBuildConfiguration;
			buildSettings = {
				ALWAYS_SEARCH_USER_PATHS = NO;
				CLANG_ANALYZER_NONNULL = YES;
				CLANG_ANALYZER_NUMBER_OBJECT_CONVERSION = YES_AGGRESSIVE;
				CLANG_CXX_LANGUAGE_STANDARD = "gnu++14";
				CLANG_CXX_LIBRARY = "libc++";
				CLANG_ENABLE_MODULES = YES;
				CLANG_ENABLE_OBJC_ARC = YES;
				CLANG_ENABLE_OBJC_WEAK = YES;
				CLANG_WARN_BLOCK_CAPTURE_AUTORELEASING = YES;
				CLANG_WARN_BOOL_CONVERSION = YES;
				CLANG_WARN_COMMA = YES;
				CLANG_WARN_CONSTANT_CONVERSION = YES;
				CLANG_WARN_DEPRECATED_OBJC_IMPLEMENTATIONS = YES;
				CLANG_WARN_DIRECT_OBJC_ISA_USAGE = YES_ERROR;
				CLANG_WARN_DOCUMENTATION_COMMENTS = YES;
				CLANG_WARN_EMPTY_BODY = YES;
				CLANG_WARN_ENUM_CONVERSION = YES;
				CLANG_WARN_INFINITE_RECURSION = YES;
				CLANG_WARN_INT_CONVERSION = YES;
				CLANG_WARN_NON_LITERAL_NULL_CONVERSION = YES;
				CLANG_WARN_OBJC_IMPLICIT_RETAIN_SELF = YES;
				CLANG_WARN_OBJC_LITERAL_CONVERSION = YES;
				CLANG_WARN_OBJC_ROOT_CLASS = YES_ERROR;
				CLANG_WARN_RANGE_LOOP_ANALYSIS = YES;
				CLANG_WARN_STRICT_PROTOTYPES = YES;
				CLANG_WARN_SUSPICIOUS_MOVE = YES;
				CLANG_WARN_UNGUARDED_AVAILABILITY = YES_AGGRESSIVE;
				CLANG_WARN_UNREACHABLE_CODE = YES;
				CLANG_WARN__DUPLICATE_METHOD_MATCH = YES;
				CODE_SIGN_IDENTITY = "iPhone Developer";
				COPY_PHASE_STRIP = NO;
				DEBUG_INFORMATION_FORMAT = "dwarf-with-dsym";
				ENABLE_NS_ASSERTIONS = NO;
				ENABLE_STRICT_OBJC_MSGSEND = YES;
				GCC_C_LANGUAGE_STANDARD = gnu11;
				GCC_NO_COMMON_BLOCKS = YES;
				GCC_WARN_64_TO_32_BIT_CONVERSION = YES;
				GCC_WARN_ABOUT_RETURN_TYPE = YES_ERROR;
				GCC_WARN_UNDECLARED_SELECTOR = YES;
				GCC_WARN_UNINITIALIZED_AUTOS = YES_AGGRESSIVE;
				GCC_WARN_UNUSED_FUNCTION = YES;
				GCC_WARN_UNUSED_VARIABLE = YES;
				IPHONEOS_DEPLOYMENT_TARGET = 12.2;
				MTL_ENABLE_DEBUG_INFO = NO;
				MTL_FAST_MATH = YES;
				SDKROOT = iphoneos;
				SWIFT_COMPILATION_MODE = wholemodule;
				SWIFT_OPTIMIZATION_LEVEL = "-O";
				VALIDATE_PRODUCT = YES;
			};
			name = Release;
		};
		8725986322D8D6E900962E90 /* Debug */ = {
			isa = XCBuildConfiguration;
			buildSettings = {
				ASSETCATALOG_COMPILER_APPICON_NAME = AppIcon;
				CODE_SIGN_STYLE = Automatic;
				DEVELOPMENT_TEAM = R276Q56KP2;
				INFOPLIST_FILE = IDEA_Images/Info.plist;
				LD_RUNPATH_SEARCH_PATHS = (
					"$(inherited)",
					"@executable_path/Frameworks",
				);
				PRODUCT_BUNDLE_IDENTIFIER = "com.oadl.IDEA-Images";
				PRODUCT_NAME = "$(TARGET_NAME)";
				SWIFT_VERSION = 5.0;
				TARGETED_DEVICE_FAMILY = "1,2";
			};
			name = Debug;
		};
		8725986422D8D6E900962E90 /* Release */ = {
			isa = XCBuildConfiguration;
			buildSettings = {
				ASSETCATALOG_COMPILER_APPICON_NAME = AppIcon;
				CODE_SIGN_STYLE = Automatic;
				DEVELOPMENT_TEAM = R276Q56KP2;
				INFOPLIST_FILE = IDEA_Images/Info.plist;
				LD_RUNPATH_SEARCH_PATHS = (
					"$(inherited)",
					"@executable_path/Frameworks",
				);
				PRODUCT_BUNDLE_IDENTIFIER = "com.oadl.IDEA-Images";
				PRODUCT_NAME = "$(TARGET_NAME)";
				SWIFT_VERSION = 5.0;
				TARGETED_DEVICE_FAMILY = "1,2";
			};
			name = Release;
		};
/* End XCBuildConfiguration section */

/* Begin XCConfigurationList section */
		8725984B22D8D6E600962E90 /* Build configuration list for PBXProject "IDEA_Images" */ = {
			isa = XCConfigurationList;
			buildConfigurations = (
				8725986022D8D6E900962E90 /* Debug */,
				8725986122D8D6E900962E90 /* Release */,
			);
			defaultConfigurationIsVisible = 0;
			defaultConfigurationName = Release;
		};
		8725986222D8D6E900962E90 /* Build configuration list for PBXNativeTarget "IDEA_Images" */ = {
			isa = XCConfigurationList;
			buildConfigurations = (
				8725986322D8D6E900962E90 /* Debug */,
				8725986422D8D6E900962E90 /* Release */,
			);
			defaultConfigurationIsVisible = 0;
			defaultConfigurationName = Release;
		};
/* End XCConfigurationList section */
	};
	rootObject = 8725984822D8D6E600962E90 /* Project object */;
}
